// !$*UTF8*$!
{
	archiveVersion = 1;
	classes = {
	};
	objectVersion = 50;
	objects = {

/* Begin PBXBuildFile section */
		19008E9220F38E9800AADB15 /* AppDelegate.swift in Sources */ = {isa = PBXBuildFile; fileRef = 19008E9120F38E9800AADB15 /* AppDelegate.swift */; };
		19008E9C20F38EA800AADB15 /* LaunchScreen.storyboard in Resources */ = {isa = PBXBuildFile; fileRef = 19008E9A20F38EA800AADB15 /* LaunchScreen.storyboard */; };
		19008EA720F38EAA00AADB15 /* Die_Ewige_ListeTests.swift in Sources */ = {isa = PBXBuildFile; fileRef = 19008EA620F38EAA00AADB15 /* Die_Ewige_ListeTests.swift */; };
		19008EB220F38EAA00AADB15 /* Die_Ewige_ListeUITests.swift in Sources */ = {isa = PBXBuildFile; fileRef = 19008EB120F38EAA00AADB15 /* Die_Ewige_ListeUITests.swift */; };
		19008EC220F38F3D00AADB15 /* TimerViewController.swift in Sources */ = {isa = PBXBuildFile; fileRef = 19008EC120F38F3D00AADB15 /* TimerViewController.swift */; };
		19008ECD20F3BA6500AADB15 /* RotatingLabel.swift in Sources */ = {isa = PBXBuildFile; fileRef = 19008ECC20F3BA6400AADB15 /* RotatingLabel.swift */; };
		1900FE7D214BD92D0089F5D9 /* ModalViewController.swift in Sources */ = {isa = PBXBuildFile; fileRef = 1900FE7C214BD92D0089F5D9 /* ModalViewController.swift */; };
		1902137921345A4C009F5E59 /* List.swift in Sources */ = {isa = PBXBuildFile; fileRef = 1902137821345A4C009F5E59 /* List.swift */; };
		1902137C213558ED009F5E59 /* ListService.swift in Sources */ = {isa = PBXBuildFile; fileRef = 1902137B213558ED009F5E59 /* ListService.swift */; };
		1902137F21355AFB009F5E59 /* Main.storyboard in Resources */ = {isa = PBXBuildFile; fileRef = 1902137E21355AFB009F5E59 /* Main.storyboard */; };
		1902138121355B09009F5E59 /* MenuViewController.swift in Sources */ = {isa = PBXBuildFile; fileRef = 1902138021355B09009F5E59 /* MenuViewController.swift */; };
		19021383213561A5009F5E59 /* ListCell.swift in Sources */ = {isa = PBXBuildFile; fileRef = 19021382213561A5009F5E59 /* ListCell.swift */; };
		1943BAB9210E1E810041ED8A /* GameHistoryViewController.swift in Sources */ = {isa = PBXBuildFile; fileRef = 1943BAB8210E1E810041ED8A /* GameHistoryViewController.swift */; };
		1943BABD210E1FA80041ED8A /* GameHistoryCell.swift in Sources */ = {isa = PBXBuildFile; fileRef = 1943BABC210E1FA80041ED8A /* GameHistoryCell.swift */; };
		1943BAD2210E21B30041ED8A /* SecondLevelAccordionCell.swift in Sources */ = {isa = PBXBuildFile; fileRef = 1943BACD210E21B30041ED8A /* SecondLevelAccordionCell.swift */; };
		1943BAD3210E21B30041ED8A /* FirstLevelAccordionCell.swift in Sources */ = {isa = PBXBuildFile; fileRef = 1943BACE210E21B30041ED8A /* FirstLevelAccordionCell.swift */; };
		1943BAD4210E21B30041ED8A /* AccordionViewController.swift in Sources */ = {isa = PBXBuildFile; fileRef = 1943BACF210E21B30041ED8A /* AccordionViewController.swift */; };
		1943BAD5210E21B30041ED8A /* AccordionData.swift in Sources */ = {isa = PBXBuildFile; fileRef = 1943BAD0210E21B30041ED8A /* AccordionData.swift */; };
		1943BAD6210E21B30041ED8A /* AccordionCell.swift in Sources */ = {isa = PBXBuildFile; fileRef = 1943BAD1210E21B30041ED8A /* AccordionCell.swift */; };
		1943BAD9210E22960041ED8A /* Game.swift in Sources */ = {isa = PBXBuildFile; fileRef = 1943BAD8210E22960041ED8A /* Game.swift */; };
		1943BADB210E238A0041ED8A /* Player.swift in Sources */ = {isa = PBXBuildFile; fileRef = 1943BADA210E238A0041ED8A /* Player.swift */; };
		19ABD6DD214AB260004F2791 /* DELView.swift in Sources */ = {isa = PBXBuildFile; fileRef = 19ABD6DC214AB260004F2791 /* DELView.swift */; };
		19D776762147F4E70042F809 /* Icons.xcassets in Resources */ = {isa = PBXBuildFile; fileRef = 19D776752147F4E70042F809 /* Icons.xcassets */; };
		19D77678214810E50042F809 /* EndGameViewController.swift in Sources */ = {isa = PBXBuildFile; fileRef = 19D77677214810E50042F809 /* EndGameViewController.swift */; };
		19D7767B214946510042F809 /* String+Util.swift in Sources */ = {isa = PBXBuildFile; fileRef = 19D7767A214946510042F809 /* String+Util.swift */; };
		AC9FDDEBB32828C65A1097F4 /* Pods_Die_Ewige_Liste.framework in Frameworks */ = {isa = PBXBuildFile; fileRef = 25AD98E0BE9FB62091CBA9C3 /* Pods_Die_Ewige_Liste.framework */; };
		E0948F9917EC631F6E712713 /* Pods_Die_Ewige_ListeTests.framework in Frameworks */ = {isa = PBXBuildFile; fileRef = 626C055EEED1DB4DDBFE5BB2 /* Pods_Die_Ewige_ListeTests.framework */; };
		FABB41B2D5D41434C64E8E01 /* Pods_Die_Ewige_ListeUITests.framework in Frameworks */ = {isa = PBXBuildFile; fileRef = 6D7F43C546CC027286AF6146 /* Pods_Die_Ewige_ListeUITests.framework */; };
/* End PBXBuildFile section */

/* Begin PBXContainerItemProxy section */
		19008EA320F38EAA00AADB15 /* PBXContainerItemProxy */ = {
			isa = PBXContainerItemProxy;
			containerPortal = 19008E8620F38E9800AADB15 /* Project object */;
			proxyType = 1;
			remoteGlobalIDString = 19008E8D20F38E9800AADB15;
			remoteInfo = "Die Ewige Liste";
		};
		19008EAE20F38EAA00AADB15 /* PBXContainerItemProxy */ = {
			isa = PBXContainerItemProxy;
			containerPortal = 19008E8620F38E9800AADB15 /* Project object */;
			proxyType = 1;
			remoteGlobalIDString = 19008E8D20F38E9800AADB15;
			remoteInfo = "Die Ewige Liste";
		};
/* End PBXContainerItemProxy section */

/* Begin PBXFileReference section */
		17E66C9D478AFC7E70C8E4D3 /* Pods-Die Ewige ListeTests.debug.xcconfig */ = {isa = PBXFileReference; includeInIndex = 1; lastKnownFileType = text.xcconfig; name = "Pods-Die Ewige ListeTests.debug.xcconfig"; path = "Pods/Target Support Files/Pods-Die Ewige ListeTests/Pods-Die Ewige ListeTests.debug.xcconfig"; sourceTree = "<group>"; };
		19008E8E20F38E9800AADB15 /* Die Ewige Liste.app */ = {isa = PBXFileReference; explicitFileType = wrapper.application; includeInIndex = 0; path = "Die Ewige Liste.app"; sourceTree = BUILT_PRODUCTS_DIR; };
		19008E9120F38E9800AADB15 /* AppDelegate.swift */ = {isa = PBXFileReference; lastKnownFileType = sourcecode.swift; path = AppDelegate.swift; sourceTree = "<group>"; };
		19008E9B20F38EA800AADB15 /* Base */ = {isa = PBXFileReference; lastKnownFileType = file.storyboard; name = Base; path = Base.lproj/LaunchScreen.storyboard; sourceTree = "<group>"; };
		19008E9D20F38EA800AADB15 /* Info.plist */ = {isa = PBXFileReference; lastKnownFileType = text.plist.xml; path = Info.plist; sourceTree = "<group>"; };
		19008EA220F38EAA00AADB15 /* Die Ewige ListeTests.xctest */ = {isa = PBXFileReference; explicitFileType = wrapper.cfbundle; includeInIndex = 0; path = "Die Ewige ListeTests.xctest"; sourceTree = BUILT_PRODUCTS_DIR; };
		19008EA620F38EAA00AADB15 /* Die_Ewige_ListeTests.swift */ = {isa = PBXFileReference; lastKnownFileType = sourcecode.swift; path = Die_Ewige_ListeTests.swift; sourceTree = "<group>"; };
		19008EA820F38EAA00AADB15 /* Info.plist */ = {isa = PBXFileReference; lastKnownFileType = text.plist.xml; path = Info.plist; sourceTree = "<group>"; };
		19008EAD20F38EAA00AADB15 /* Die Ewige ListeUITests.xctest */ = {isa = PBXFileReference; explicitFileType = wrapper.cfbundle; includeInIndex = 0; path = "Die Ewige ListeUITests.xctest"; sourceTree = BUILT_PRODUCTS_DIR; };
		19008EB120F38EAA00AADB15 /* Die_Ewige_ListeUITests.swift */ = {isa = PBXFileReference; lastKnownFileType = sourcecode.swift; path = Die_Ewige_ListeUITests.swift; sourceTree = "<group>"; };
		19008EB320F38EAA00AADB15 /* Info.plist */ = {isa = PBXFileReference; lastKnownFileType = text.plist.xml; path = Info.plist; sourceTree = "<group>"; };
		19008EC120F38F3D00AADB15 /* TimerViewController.swift */ = {isa = PBXFileReference; lastKnownFileType = sourcecode.swift; path = TimerViewController.swift; sourceTree = "<group>"; };
		19008ECC20F3BA6400AADB15 /* RotatingLabel.swift */ = {isa = PBXFileReference; lastKnownFileType = sourcecode.swift; path = RotatingLabel.swift; sourceTree = "<group>"; };
		1900FE7C214BD92D0089F5D9 /* ModalViewController.swift */ = {isa = PBXFileReference; lastKnownFileType = sourcecode.swift; path = ModalViewController.swift; sourceTree = "<group>"; };
		1902137821345A4C009F5E59 /* List.swift */ = {isa = PBXFileReference; lastKnownFileType = sourcecode.swift; path = List.swift; sourceTree = "<group>"; };
		1902137B213558ED009F5E59 /* ListService.swift */ = {isa = PBXFileReference; lastKnownFileType = sourcecode.swift; path = ListService.swift; sourceTree = "<group>"; };
		1902137E21355AFB009F5E59 /* Main.storyboard */ = {isa = PBXFileReference; lastKnownFileType = file.storyboard; path = Main.storyboard; sourceTree = "<group>"; };
		1902138021355B09009F5E59 /* MenuViewController.swift */ = {isa = PBXFileReference; lastKnownFileType = sourcecode.swift; path = MenuViewController.swift; sourceTree = "<group>"; };
		19021382213561A5009F5E59 /* ListCell.swift */ = {isa = PBXFileReference; lastKnownFileType = sourcecode.swift; path = ListCell.swift; sourceTree = "<group>"; };
		1943BAB8210E1E810041ED8A /* GameHistoryViewController.swift */ = {isa = PBXFileReference; lastKnownFileType = sourcecode.swift; path = GameHistoryViewController.swift; sourceTree = "<group>"; };
		1943BABC210E1FA80041ED8A /* GameHistoryCell.swift */ = {isa = PBXFileReference; lastKnownFileType = sourcecode.swift; path = GameHistoryCell.swift; sourceTree = "<group>"; };
		1943BACD210E21B30041ED8A /* SecondLevelAccordionCell.swift */ = {isa = PBXFileReference; fileEncoding = 4; lastKnownFileType = sourcecode.swift; path = SecondLevelAccordionCell.swift; sourceTree = "<group>"; };
		1943BACE210E21B30041ED8A /* FirstLevelAccordionCell.swift */ = {isa = PBXFileReference; fileEncoding = 4; lastKnownFileType = sourcecode.swift; path = FirstLevelAccordionCell.swift; sourceTree = "<group>"; };
		1943BACF210E21B30041ED8A /* AccordionViewController.swift */ = {isa = PBXFileReference; fileEncoding = 4; lastKnownFileType = sourcecode.swift; path = AccordionViewController.swift; sourceTree = "<group>"; };
		1943BAD0210E21B30041ED8A /* AccordionData.swift */ = {isa = PBXFileReference; fileEncoding = 4; lastKnownFileType = sourcecode.swift; path = AccordionData.swift; sourceTree = "<group>"; };
		1943BAD1210E21B30041ED8A /* AccordionCell.swift */ = {isa = PBXFileReference; fileEncoding = 4; lastKnownFileType = sourcecode.swift; path = AccordionCell.swift; sourceTree = "<group>"; };
		1943BAD8210E22960041ED8A /* Game.swift */ = {isa = PBXFileReference; lastKnownFileType = sourcecode.swift; path = Game.swift; sourceTree = "<group>"; };
		1943BADA210E238A0041ED8A /* Player.swift */ = {isa = PBXFileReference; lastKnownFileType = sourcecode.swift; path = Player.swift; sourceTree = "<group>"; };
		19ABD6DC214AB260004F2791 /* DELView.swift */ = {isa = PBXFileReference; lastKnownFileType = sourcecode.swift; path = DELView.swift; sourceTree = "<group>"; };
		19D776752147F4E70042F809 /* Icons.xcassets */ = {isa = PBXFileReference; lastKnownFileType = folder.assetcatalog; path = Icons.xcassets; sourceTree = "<group>"; };
		19D77677214810E50042F809 /* EndGameViewController.swift */ = {isa = PBXFileReference; lastKnownFileType = sourcecode.swift; path = EndGameViewController.swift; sourceTree = "<group>"; };
		19D7767A214946510042F809 /* String+Util.swift */ = {isa = PBXFileReference; lastKnownFileType = sourcecode.swift; path = "String+Util.swift"; sourceTree = "<group>"; };
		1CCEA02E3F79C8F381E11BB3 /* Pods-Die Ewige Liste.release.xcconfig */ = {isa = PBXFileReference; includeInIndex = 1; lastKnownFileType = text.xcconfig; name = "Pods-Die Ewige Liste.release.xcconfig"; path = "Pods/Target Support Files/Pods-Die Ewige Liste/Pods-Die Ewige Liste.release.xcconfig"; sourceTree = "<group>"; };
		25AD98E0BE9FB62091CBA9C3 /* Pods_Die_Ewige_Liste.framework */ = {isa = PBXFileReference; explicitFileType = wrapper.framework; includeInIndex = 0; path = Pods_Die_Ewige_Liste.framework; sourceTree = BUILT_PRODUCTS_DIR; };
		3E20D9DD47D540EBCFBBA3CD /* Pods-Die Ewige Liste.debug.xcconfig */ = {isa = PBXFileReference; includeInIndex = 1; lastKnownFileType = text.xcconfig; name = "Pods-Die Ewige Liste.debug.xcconfig"; path = "Pods/Target Support Files/Pods-Die Ewige Liste/Pods-Die Ewige Liste.debug.xcconfig"; sourceTree = "<group>"; };
		626C055EEED1DB4DDBFE5BB2 /* Pods_Die_Ewige_ListeTests.framework */ = {isa = PBXFileReference; explicitFileType = wrapper.framework; includeInIndex = 0; path = Pods_Die_Ewige_ListeTests.framework; sourceTree = BUILT_PRODUCTS_DIR; };
		6D593151A180158F2EF1E0AA /* Pods-Die Ewige ListeUITests.release.xcconfig */ = {isa = PBXFileReference; includeInIndex = 1; lastKnownFileType = text.xcconfig; name = "Pods-Die Ewige ListeUITests.release.xcconfig"; path = "Pods/Target Support Files/Pods-Die Ewige ListeUITests/Pods-Die Ewige ListeUITests.release.xcconfig"; sourceTree = "<group>"; };
		6D7F43C546CC027286AF6146 /* Pods_Die_Ewige_ListeUITests.framework */ = {isa = PBXFileReference; explicitFileType = wrapper.framework; includeInIndex = 0; path = Pods_Die_Ewige_ListeUITests.framework; sourceTree = BUILT_PRODUCTS_DIR; };
		8A6E2C78589F2A6AF5E0119D /* Pods-Die Ewige ListeUITests.debug.xcconfig */ = {isa = PBXFileReference; includeInIndex = 1; lastKnownFileType = text.xcconfig; name = "Pods-Die Ewige ListeUITests.debug.xcconfig"; path = "Pods/Target Support Files/Pods-Die Ewige ListeUITests/Pods-Die Ewige ListeUITests.debug.xcconfig"; sourceTree = "<group>"; };
		F698E7D65560711AA338E3B9 /* Pods-Die Ewige ListeTests.release.xcconfig */ = {isa = PBXFileReference; includeInIndex = 1; lastKnownFileType = text.xcconfig; name = "Pods-Die Ewige ListeTests.release.xcconfig"; path = "Pods/Target Support Files/Pods-Die Ewige ListeTests/Pods-Die Ewige ListeTests.release.xcconfig"; sourceTree = "<group>"; };
/* End PBXFileReference section */

/* Begin PBXFrameworksBuildPhase section */
		19008E8B20F38E9800AADB15 /* Frameworks */ = {
			isa = PBXFrameworksBuildPhase;
			buildActionMask = 2147483647;
			files = (
				AC9FDDEBB32828C65A1097F4 /* Pods_Die_Ewige_Liste.framework in Frameworks */,
			);
			runOnlyForDeploymentPostprocessing = 0;
		};
		19008E9F20F38EAA00AADB15 /* Frameworks */ = {
			isa = PBXFrameworksBuildPhase;
			buildActionMask = 2147483647;
			files = (
				E0948F9917EC631F6E712713 /* Pods_Die_Ewige_ListeTests.framework in Frameworks */,
			);
			runOnlyForDeploymentPostprocessing = 0;
		};
		19008EAA20F38EAA00AADB15 /* Frameworks */ = {
			isa = PBXFrameworksBuildPhase;
			buildActionMask = 2147483647;
			files = (
				FABB41B2D5D41434C64E8E01 /* Pods_Die_Ewige_ListeUITests.framework in Frameworks */,
			);
			runOnlyForDeploymentPostprocessing = 0;
		};
/* End PBXFrameworksBuildPhase section */

/* Begin PBXGroup section */
		19008E8520F38E9800AADB15 = {
			isa = PBXGroup;
			children = (
				19008E9020F38E9800AADB15 /* Die Ewige Liste */,
				19008EA520F38EAA00AADB15 /* Die Ewige ListeTests */,
				19008EB020F38EAA00AADB15 /* Die Ewige ListeUITests */,
				19008E8F20F38E9800AADB15 /* Products */,
				88BC1B40912A034C861BBBAB /* Pods */,
				E35DAF8F719CBC233BB249B2 /* Frameworks */,
			);
			sourceTree = "<group>";
		};
		19008E8F20F38E9800AADB15 /* Products */ = {
			isa = PBXGroup;
			children = (
				19008E8E20F38E9800AADB15 /* Die Ewige Liste.app */,
				19008EA220F38EAA00AADB15 /* Die Ewige ListeTests.xctest */,
				19008EAD20F38EAA00AADB15 /* Die Ewige ListeUITests.xctest */,
			);
			name = Products;
			sourceTree = "<group>";
		};
		19008E9020F38E9800AADB15 /* Die Ewige Liste */ = {
			isa = PBXGroup;
			children = (
				19008E9D20F38EA800AADB15 /* Info.plist */,
				19008EC020F38F2200AADB15 /* Supporting Files */,
				1900FE7E214BD9460089F5D9 /* Areas */,
				1900FE80214BDA060089F5D9 /* Implementations */,
				1902137A2135572F009F5E59 /* Services */,
				19008EC520F3925A00AADB15 /* Assets */,
			);
			path = "Die Ewige Liste";
			sourceTree = "<group>";
		};
		19008EA520F38EAA00AADB15 /* Die Ewige ListeTests */ = {
			isa = PBXGroup;
			children = (
				19008EA620F38EAA00AADB15 /* Die_Ewige_ListeTests.swift */,
				19008EA820F38EAA00AADB15 /* Info.plist */,
			);
			path = "Die Ewige ListeTests";
			sourceTree = "<group>";
		};
		19008EB020F38EAA00AADB15 /* Die Ewige ListeUITests */ = {
			isa = PBXGroup;
			children = (
				19008EB120F38EAA00AADB15 /* Die_Ewige_ListeUITests.swift */,
				19008EB320F38EAA00AADB15 /* Info.plist */,
			);
			path = "Die Ewige ListeUITests";
			sourceTree = "<group>";
		};
		19008EBF20F38F1800AADB15 /* Timer */ = {
			isa = PBXGroup;
			children = (
				19008EC120F38F3D00AADB15 /* TimerViewController.swift */,
				19D77677214810E50042F809 /* EndGameViewController.swift */,
			);
			path = Timer;
			sourceTree = "<group>";
		};
		19008EC020F38F2200AADB15 /* Supporting Files */ = {
			isa = PBXGroup;
			children = (
				19008E9120F38E9800AADB15 /* AppDelegate.swift */,
				19008E9A20F38EA800AADB15 /* LaunchScreen.storyboard */,
			);
			path = "Supporting Files";
			sourceTree = "<group>";
		};
		19008EC520F3925A00AADB15 /* Assets */ = {
			isa = PBXGroup;
			children = (
				1943BACB210E21940041ED8A /* Libs */,
				19D776752147F4E70042F809 /* Icons.xcassets */,
			);
			path = Assets;
			sourceTree = "<group>";
		};
		19008ECB20F3BA2100AADB15 /* IBDesignables */ = {
			isa = PBXGroup;
			children = (
				19008ECC20F3BA6400AADB15 /* RotatingLabel.swift */,
				19ABD6DC214AB260004F2791 /* DELView.swift */,
			);
			path = IBDesignables;
			sourceTree = "<group>";
		};
		1900FE7B214BD90E0089F5D9 /* Modal View Controller */ = {
			isa = PBXGroup;
			children = (
				1900FE7C214BD92D0089F5D9 /* ModalViewController.swift */,
			);
			path = "Modal View Controller";
			sourceTree = "<group>";
		};
		1900FE7E214BD9460089F5D9 /* Areas */ = {
			isa = PBXGroup;
			children = (
				1902137E21355AFB009F5E59 /* Main.storyboard */,
				1902137D21355ADD009F5E59 /* Menu */,
				1943BAB7210E1E4A0041ED8A /* Game History */,
				19008EBF20F38F1800AADB15 /* Timer */,
			);
			path = Areas;
			sourceTree = "<group>";
		};
		1900FE80214BDA060089F5D9 /* Implementations */ = {
			isa = PBXGroup;
			children = (
				1900FE7B214BD90E0089F5D9 /* Modal View Controller */,
				1943BAD7210E227F0041ED8A /* Models */,
				19D776792149463F0042F809 /* Extensions */,
				19008ECB20F3BA2100AADB15 /* IBDesignables */,
			);
			path = Implementations;
			sourceTree = "<group>";
		};
		1902137A2135572F009F5E59 /* Services */ = {
			isa = PBXGroup;
			children = (
				1902137B213558ED009F5E59 /* ListService.swift */,
			);
			path = Services;
			sourceTree = "<group>";
		};
		1902137D21355ADD009F5E59 /* Menu */ = {
			isa = PBXGroup;
			children = (
				1902138021355B09009F5E59 /* MenuViewController.swift */,
				19021382213561A5009F5E59 /* ListCell.swift */,
			);
			path = Menu;
			sourceTree = "<group>";
		};
		1943BAB7210E1E4A0041ED8A /* Game History */ = {
			isa = PBXGroup;
			children = (
				1943BAB8210E1E810041ED8A /* GameHistoryViewController.swift */,
				1943BABC210E1FA80041ED8A /* GameHistoryCell.swift */,
			);
			path = "Game History";
			sourceTree = "<group>";
		};
		1943BACB210E21940041ED8A /* Libs */ = {
			isa = PBXGroup;
			children = (
				1943BACC210E21B30041ED8A /* Accordion */,
			);
			path = Libs;
			sourceTree = "<group>";
		};
		1943BACC210E21B30041ED8A /* Accordion */ = {
			isa = PBXGroup;
			children = (
				1943BACF210E21B30041ED8A /* AccordionViewController.swift */,
				1943BACE210E21B30041ED8A /* FirstLevelAccordionCell.swift */,
				1943BACD210E21B30041ED8A /* SecondLevelAccordionCell.swift */,
				1943BAD0210E21B30041ED8A /* AccordionData.swift */,
				1943BAD1210E21B30041ED8A /* AccordionCell.swift */,
			);
			path = Accordion;
			sourceTree = "<group>";
		};
		1943BAD7210E227F0041ED8A /* Models */ = {
			isa = PBXGroup;
			children = (
				1943BAD8210E22960041ED8A /* Game.swift */,
				1943BADA210E238A0041ED8A /* Player.swift */,
				1902137821345A4C009F5E59 /* List.swift */,
			);
			path = Models;
			sourceTree = "<group>";
		};
		19D776792149463F0042F809 /* Extensions */ = {
			isa = PBXGroup;
			children = (
				19D7767A214946510042F809 /* String+Util.swift */,
			);
			path = Extensions;
			sourceTree = "<group>";
		};
		88BC1B40912A034C861BBBAB /* Pods */ = {
			isa = PBXGroup;
			children = (
				3E20D9DD47D540EBCFBBA3CD /* Pods-Die Ewige Liste.debug.xcconfig */,
				1CCEA02E3F79C8F381E11BB3 /* Pods-Die Ewige Liste.release.xcconfig */,
				17E66C9D478AFC7E70C8E4D3 /* Pods-Die Ewige ListeTests.debug.xcconfig */,
				F698E7D65560711AA338E3B9 /* Pods-Die Ewige ListeTests.release.xcconfig */,
				8A6E2C78589F2A6AF5E0119D /* Pods-Die Ewige ListeUITests.debug.xcconfig */,
				6D593151A180158F2EF1E0AA /* Pods-Die Ewige ListeUITests.release.xcconfig */,
			);
			name = Pods;
			sourceTree = "<group>";
		};
		E35DAF8F719CBC233BB249B2 /* Frameworks */ = {
			isa = PBXGroup;
			children = (
				25AD98E0BE9FB62091CBA9C3 /* Pods_Die_Ewige_Liste.framework */,
				626C055EEED1DB4DDBFE5BB2 /* Pods_Die_Ewige_ListeTests.framework */,
				6D7F43C546CC027286AF6146 /* Pods_Die_Ewige_ListeUITests.framework */,
			);
			name = Frameworks;
			sourceTree = "<group>";
		};
/* End PBXGroup section */

/* Begin PBXNativeTarget section */
		19008E8D20F38E9800AADB15 /* Die Ewige Liste */ = {
			isa = PBXNativeTarget;
			buildConfigurationList = 19008EB620F38EAA00AADB15 /* Build configuration list for PBXNativeTarget "Die Ewige Liste" */;
			buildPhases = (
				2B6CA783F4774B8D93D476AB /* [CP] Check Pods Manifest.lock */,
				19008E8A20F38E9800AADB15 /* Sources */,
				19008E8B20F38E9800AADB15 /* Frameworks */,
				19008E8C20F38E9800AADB15 /* Resources */,
				162962427D146D346C174B0E /* [CP] Embed Pods Frameworks */,
			);
			buildRules = (
			);
			dependencies = (
			);
			name = "Die Ewige Liste";
			productName = "Die Ewige Liste";
			productReference = 19008E8E20F38E9800AADB15 /* Die Ewige Liste.app */;
			productType = "com.apple.product-type.application";
		};
		19008EA120F38EAA00AADB15 /* Die Ewige ListeTests */ = {
			isa = PBXNativeTarget;
			buildConfigurationList = 19008EB920F38EAA00AADB15 /* Build configuration list for PBXNativeTarget "Die Ewige ListeTests" */;
			buildPhases = (
				C8F6847BC1BC9C29198BC47B /* [CP] Check Pods Manifest.lock */,
				19008E9E20F38EAA00AADB15 /* Sources */,
				19008E9F20F38EAA00AADB15 /* Frameworks */,
				19008EA020F38EAA00AADB15 /* Resources */,
			);
			buildRules = (
			);
			dependencies = (
				19008EA420F38EAA00AADB15 /* PBXTargetDependency */,
			);
			name = "Die Ewige ListeTests";
			productName = "Die Ewige ListeTests";
			productReference = 19008EA220F38EAA00AADB15 /* Die Ewige ListeTests.xctest */;
			productType = "com.apple.product-type.bundle.unit-test";
		};
		19008EAC20F38EAA00AADB15 /* Die Ewige ListeUITests */ = {
			isa = PBXNativeTarget;
			buildConfigurationList = 19008EBC20F38EAA00AADB15 /* Build configuration list for PBXNativeTarget "Die Ewige ListeUITests" */;
			buildPhases = (
				9C5583B188B6864E33BCF235 /* [CP] Check Pods Manifest.lock */,
				19008EA920F38EAA00AADB15 /* Sources */,
				19008EAA20F38EAA00AADB15 /* Frameworks */,
				19008EAB20F38EAA00AADB15 /* Resources */,
			);
			buildRules = (
			);
			dependencies = (
				19008EAF20F38EAA00AADB15 /* PBXTargetDependency */,
			);
			name = "Die Ewige ListeUITests";
			productName = "Die Ewige ListeUITests";
			productReference = 19008EAD20F38EAA00AADB15 /* Die Ewige ListeUITests.xctest */;
			productType = "com.apple.product-type.bundle.ui-testing";
		};
/* End PBXNativeTarget section */

/* Begin PBXProject section */
		19008E8620F38E9800AADB15 /* Project object */ = {
			isa = PBXProject;
			attributes = {
				LastSwiftUpdateCheck = 0940;
				LastUpgradeCheck = 0940;
				ORGANIZATIONNAME = jmb;
				TargetAttributes = {
					19008E8D20F38E9800AADB15 = {
						CreatedOnToolsVersion = 9.4.1;
					};
					19008EA120F38EAA00AADB15 = {
						CreatedOnToolsVersion = 9.4.1;
						TestTargetID = 19008E8D20F38E9800AADB15;
					};
					19008EAC20F38EAA00AADB15 = {
						CreatedOnToolsVersion = 9.4.1;
						TestTargetID = 19008E8D20F38E9800AADB15;
					};
				};
			};
			buildConfigurationList = 19008E8920F38E9800AADB15 /* Build configuration list for PBXProject "Die Ewige Liste" */;
			compatibilityVersion = "Xcode 9.3";
			developmentRegion = en;
			hasScannedForEncodings = 0;
			knownRegions = (
				en,
				Base,
			);
			mainGroup = 19008E8520F38E9800AADB15;
			productRefGroup = 19008E8F20F38E9800AADB15 /* Products */;
			projectDirPath = "";
			projectRoot = "";
			targets = (
				19008E8D20F38E9800AADB15 /* Die Ewige Liste */,
				19008EA120F38EAA00AADB15 /* Die Ewige ListeTests */,
				19008EAC20F38EAA00AADB15 /* Die Ewige ListeUITests */,
			);
		};
/* End PBXProject section */

/* Begin PBXResourcesBuildPhase section */
		19008E8C20F38E9800AADB15 /* Resources */ = {
			isa = PBXResourcesBuildPhase;
			buildActionMask = 2147483647;
			files = (
				1902137F21355AFB009F5E59 /* Main.storyboard in Resources */,
				19D776762147F4E70042F809 /* Icons.xcassets in Resources */,
				19008E9C20F38EA800AADB15 /* LaunchScreen.storyboard in Resources */,
			);
			runOnlyForDeploymentPostprocessing = 0;
		};
		19008EA020F38EAA00AADB15 /* Resources */ = {
			isa = PBXResourcesBuildPhase;
			buildActionMask = 2147483647;
			files = (
			);
			runOnlyForDeploymentPostprocessing = 0;
		};
		19008EAB20F38EAA00AADB15 /* Resources */ = {
			isa = PBXResourcesBuildPhase;
			buildActionMask = 2147483647;
			files = (
			);
			runOnlyForDeploymentPostprocessing = 0;
		};
/* End PBXResourcesBuildPhase section */

/* Begin PBXShellScriptBuildPhase section */
		162962427D146D346C174B0E /* [CP] Embed Pods Frameworks */ = {
			isa = PBXShellScriptBuildPhase;
			buildActionMask = 2147483647;
			files = (
			);
			inputPaths = (
				"${SRCROOT}/Pods/Target Support Files/Pods-Die Ewige Liste/Pods-Die Ewige Liste-frameworks.sh",
				"${BUILT_PRODUCTS_DIR}/SwiftKeychainWrapper/SwiftKeychainWrapper.framework",
			);
			name = "[CP] Embed Pods Frameworks";
			outputPaths = (
				"${TARGET_BUILD_DIR}/${FRAMEWORKS_FOLDER_PATH}/SwiftKeychainWrapper.framework",
			);
			runOnlyForDeploymentPostprocessing = 0;
			shellPath = /bin/sh;
			shellScript = "\"${SRCROOT}/Pods/Target Support Files/Pods-Die Ewige Liste/Pods-Die Ewige Liste-frameworks.sh\"\n";
			showEnvVarsInLog = 0;
		};
		2B6CA783F4774B8D93D476AB /* [CP] Check Pods Manifest.lock */ = {
			isa = PBXShellScriptBuildPhase;
			buildActionMask = 2147483647;
			files = (
			);
			inputPaths = (
				"${PODS_PODFILE_DIR_PATH}/Podfile.lock",
				"${PODS_ROOT}/Manifest.lock",
			);
			name = "[CP] Check Pods Manifest.lock";
			outputPaths = (
				"$(DERIVED_FILE_DIR)/Pods-Die Ewige Liste-checkManifestLockResult.txt",
			);
			runOnlyForDeploymentPostprocessing = 0;
			shellPath = /bin/sh;
			shellScript = "diff \"${PODS_PODFILE_DIR_PATH}/Podfile.lock\" \"${PODS_ROOT}/Manifest.lock\" > /dev/null\nif [ $? != 0 ] ; then\n    # print error to STDERR\n    echo \"error: The sandbox is not in sync with the Podfile.lock. Run 'pod install' or update your CocoaPods installation.\" >&2\n    exit 1\nfi\n# This output is used by Xcode 'outputs' to avoid re-running this script phase.\necho \"SUCCESS\" > \"${SCRIPT_OUTPUT_FILE_0}\"\n";
			showEnvVarsInLog = 0;
		};
		9C5583B188B6864E33BCF235 /* [CP] Check Pods Manifest.lock */ = {
			isa = PBXShellScriptBuildPhase;
			buildActionMask = 2147483647;
			files = (
			);
			inputPaths = (
				"${PODS_PODFILE_DIR_PATH}/Podfile.lock",
				"${PODS_ROOT}/Manifest.lock",
			);
			name = "[CP] Check Pods Manifest.lock";
			outputPaths = (
				"$(DERIVED_FILE_DIR)/Pods-Die Ewige ListeUITests-checkManifestLockResult.txt",
			);
			runOnlyForDeploymentPostprocessing = 0;
			shellPath = /bin/sh;
			shellScript = "diff \"${PODS_PODFILE_DIR_PATH}/Podfile.lock\" \"${PODS_ROOT}/Manifest.lock\" > /dev/null\nif [ $? != 0 ] ; then\n    # print error to STDERR\n    echo \"error: The sandbox is not in sync with the Podfile.lock. Run 'pod install' or update your CocoaPods installation.\" >&2\n    exit 1\nfi\n# This output is used by Xcode 'outputs' to avoid re-running this script phase.\necho \"SUCCESS\" > \"${SCRIPT_OUTPUT_FILE_0}\"\n";
			showEnvVarsInLog = 0;
		};
		C8F6847BC1BC9C29198BC47B /* [CP] Check Pods Manifest.lock */ = {
			isa = PBXShellScriptBuildPhase;
			buildActionMask = 2147483647;
			files = (
			);
			inputPaths = (
				"${PODS_PODFILE_DIR_PATH}/Podfile.lock",
				"${PODS_ROOT}/Manifest.lock",
			);
			name = "[CP] Check Pods Manifest.lock";
			outputPaths = (
				"$(DERIVED_FILE_DIR)/Pods-Die Ewige ListeTests-checkManifestLockResult.txt",
			);
			runOnlyForDeploymentPostprocessing = 0;
			shellPath = /bin/sh;
			shellScript = "diff \"${PODS_PODFILE_DIR_PATH}/Podfile.lock\" \"${PODS_ROOT}/Manifest.lock\" > /dev/null\nif [ $? != 0 ] ; then\n    # print error to STDERR\n    echo \"error: The sandbox is not in sync with the Podfile.lock. Run 'pod install' or update your CocoaPods installation.\" >&2\n    exit 1\nfi\n# This output is used by Xcode 'outputs' to avoid re-running this script phase.\necho \"SUCCESS\" > \"${SCRIPT_OUTPUT_FILE_0}\"\n";
			showEnvVarsInLog = 0;
		};
/* End PBXShellScriptBuildPhase section */

/* Begin PBXSourcesBuildPhase section */
		19008E8A20F38E9800AADB15 /* Sources */ = {
			isa = PBXSourcesBuildPhase;
			buildActionMask = 2147483647;
			files = (
				19008ECD20F3BA6500AADB15 /* RotatingLabel.swift in Sources */,
				1943BAB9210E1E810041ED8A /* GameHistoryViewController.swift in Sources */,
				1943BAD6210E21B30041ED8A /* AccordionCell.swift in Sources */,
				1943BAD3210E21B30041ED8A /* FirstLevelAccordionCell.swift in Sources */,
				1943BADB210E238A0041ED8A /* Player.swift in Sources */,
				1943BAD2210E21B30041ED8A /* SecondLevelAccordionCell.swift in Sources */,
				19D77678214810E50042F809 /* EndGameViewController.swift in Sources */,
				1902138121355B09009F5E59 /* MenuViewController.swift in Sources */,
				19008EC220F38F3D00AADB15 /* TimerViewController.swift in Sources */,
				19ABD6DD214AB260004F2791 /* DELView.swift in Sources */,
				1943BAD9210E22960041ED8A /* Game.swift in Sources */,
				1902137921345A4C009F5E59 /* List.swift in Sources */,
				19021383213561A5009F5E59 /* ListCell.swift in Sources */,
				19D7767B214946510042F809 /* String+Util.swift in Sources */,
				19008E9220F38E9800AADB15 /* AppDelegate.swift in Sources */,
				1943BAD4210E21B30041ED8A /* AccordionViewController.swift in Sources */,
				1900FE7D214BD92D0089F5D9 /* ModalViewController.swift in Sources */,
				1902137C213558ED009F5E59 /* ListService.swift in Sources */,
				1943BAD5210E21B30041ED8A /* AccordionData.swift in Sources */,
				1943BABD210E1FA80041ED8A /* GameHistoryCell.swift in Sources */,
			);
			runOnlyForDeploymentPostprocessing = 0;
		};
		19008E9E20F38EAA00AADB15 /* Sources */ = {
			isa = PBXSourcesBuildPhase;
			buildActionMask = 2147483647;
			files = (
				19008EA720F38EAA00AADB15 /* Die_Ewige_ListeTests.swift in Sources */,
			);
			runOnlyForDeploymentPostprocessing = 0;
		};
		19008EA920F38EAA00AADB15 /* Sources */ = {
			isa = PBXSourcesBuildPhase;
			buildActionMask = 2147483647;
			files = (
				19008EB220F38EAA00AADB15 /* Die_Ewige_ListeUITests.swift in Sources */,
			);
			runOnlyForDeploymentPostprocessing = 0;
		};
/* End PBXSourcesBuildPhase section */

/* Begin PBXTargetDependency section */
		19008EA420F38EAA00AADB15 /* PBXTargetDependency */ = {
			isa = PBXTargetDependency;
			target = 19008E8D20F38E9800AADB15 /* Die Ewige Liste */;
			targetProxy = 19008EA320F38EAA00AADB15 /* PBXContainerItemProxy */;
		};
		19008EAF20F38EAA00AADB15 /* PBXTargetDependency */ = {
			isa = PBXTargetDependency;
			target = 19008E8D20F38E9800AADB15 /* Die Ewige Liste */;
			targetProxy = 19008EAE20F38EAA00AADB15 /* PBXContainerItemProxy */;
		};
/* End PBXTargetDependency section */

/* Begin PBXVariantGroup section */
		19008E9A20F38EA800AADB15 /* LaunchScreen.storyboard */ = {
			isa = PBXVariantGroup;
			children = (
				19008E9B20F38EA800AADB15 /* Base */,
			);
			name = LaunchScreen.storyboard;
			sourceTree = "<group>";
		};
/* End PBXVariantGroup section */

/* Begin XCBuildConfiguration section */
		19008EB420F38EAA00AADB15 /* Debug */ = {
			isa = XCBuildConfiguration;
			buildSettings = {
				ALWAYS_SEARCH_USER_PATHS = NO;
				CLANG_ANALYZER_NONNULL = YES;
				CLANG_ANALYZER_NUMBER_OBJECT_CONVERSION = YES_AGGRESSIVE;
				CLANG_CXX_LANGUAGE_STANDARD = "gnu++14";
				CLANG_CXX_LIBRARY = "libc++";
				CLANG_ENABLE_MODULES = YES;
				CLANG_ENABLE_OBJC_ARC = YES;
				CLANG_ENABLE_OBJC_WEAK = YES;
				CLANG_WARN_BLOCK_CAPTURE_AUTORELEASING = YES;
				CLANG_WARN_BOOL_CONVERSION = YES;
				CLANG_WARN_COMMA = YES;
				CLANG_WARN_CONSTANT_CONVERSION = YES;
				CLANG_WARN_DEPRECATED_OBJC_IMPLEMENTATIONS = YES;
				CLANG_WARN_DIRECT_OBJC_ISA_USAGE = YES_ERROR;
				CLANG_WARN_DOCUMENTATION_COMMENTS = YES;
				CLANG_WARN_EMPTY_BODY = YES;
				CLANG_WARN_ENUM_CONVERSION = YES;
				CLANG_WARN_INFINITE_RECURSION = YES;
				CLANG_WARN_INT_CONVERSION = YES;
				CLANG_WARN_NON_LITERAL_NULL_CONVERSION = YES;
				CLANG_WARN_OBJC_IMPLICIT_RETAIN_SELF = YES;
				CLANG_WARN_OBJC_LITERAL_CONVERSION = YES;
				CLANG_WARN_OBJC_ROOT_CLASS = YES_ERROR;
				CLANG_WARN_RANGE_LOOP_ANALYSIS = YES;
				CLANG_WARN_STRICT_PROTOTYPES = YES;
				CLANG_WARN_SUSPICIOUS_MOVE = YES;
				CLANG_WARN_UNGUARDED_AVAILABILITY = YES_AGGRESSIVE;
				CLANG_WARN_UNREACHABLE_CODE = YES;
				CLANG_WARN__DUPLICATE_METHOD_MATCH = YES;
				CODE_SIGN_IDENTITY = "iPhone Developer";
				COPY_PHASE_STRIP = NO;
				DEBUG_INFORMATION_FORMAT = dwarf;
				ENABLE_STRICT_OBJC_MSGSEND = YES;
				ENABLE_TESTABILITY = YES;
				GCC_C_LANGUAGE_STANDARD = gnu11;
				GCC_DYNAMIC_NO_PIC = NO;
				GCC_NO_COMMON_BLOCKS = YES;
				GCC_OPTIMIZATION_LEVEL = 0;
				GCC_PREPROCESSOR_DEFINITIONS = (
					"DEBUG=1",
					"$(inherited)",
				);
				GCC_WARN_64_TO_32_BIT_CONVERSION = YES;
				GCC_WARN_ABOUT_RETURN_TYPE = YES_ERROR;
				GCC_WARN_UNDECLARED_SELECTOR = YES;
				GCC_WARN_UNINITIALIZED_AUTOS = YES_AGGRESSIVE;
				GCC_WARN_UNUSED_FUNCTION = YES;
				GCC_WARN_UNUSED_VARIABLE = YES;
				IPHONEOS_DEPLOYMENT_TARGET = 11.4;
				MTL_ENABLE_DEBUG_INFO = YES;
				ONLY_ACTIVE_ARCH = YES;
				SDKROOT = iphoneos;
				SWIFT_ACTIVE_COMPILATION_CONDITIONS = DEBUG;
				SWIFT_OPTIMIZATION_LEVEL = "-Onone";
			};
			name = Debug;
		};
		19008EB520F38EAA00AADB15 /* Release */ = {
			isa = XCBuildConfiguration;
			buildSettings = {
				ALWAYS_SEARCH_USER_PATHS = NO;
				CLANG_ANALYZER_NONNULL = YES;
				CLANG_ANALYZER_NUMBER_OBJECT_CONVERSION = YES_AGGRESSIVE;
				CLANG_CXX_LANGUAGE_STANDARD = "gnu++14";
				CLANG_CXX_LIBRARY = "libc++";
				CLANG_ENABLE_MODULES = YES;
				CLANG_ENABLE_OBJC_ARC = YES;
				CLANG_ENABLE_OBJC_WEAK = YES;
				CLANG_WARN_BLOCK_CAPTURE_AUTORELEASING = YES;
				CLANG_WARN_BOOL_CONVERSION = YES;
				CLANG_WARN_COMMA = YES;
				CLANG_WARN_CONSTANT_CONVERSION = YES;
				CLANG_WARN_DEPRECATED_OBJC_IMPLEMENTATIONS = YES;
				CLANG_WARN_DIRECT_OBJC_ISA_USAGE = YES_ERROR;
				CLANG_WARN_DOCUMENTATION_COMMENTS = YES;
				CLANG_WARN_EMPTY_BODY = YES;
				CLANG_WARN_ENUM_CONVERSION = YES;
				CLANG_WARN_INFINITE_RECURSION = YES;
				CLANG_WARN_INT_CONVERSION = YES;
				CLANG_WARN_NON_LITERAL_NULL_CONVERSION = YES;
				CLANG_WARN_OBJC_IMPLICIT_RETAIN_SELF = YES;
				CLANG_WARN_OBJC_LITERAL_CONVERSION = YES;
				CLANG_WARN_OBJC_ROOT_CLASS = YES_ERROR;
				CLANG_WARN_RANGE_LOOP_ANALYSIS = YES;
				CLANG_WARN_STRICT_PROTOTYPES = YES;
				CLANG_WARN_SUSPICIOUS_MOVE = YES;
				CLANG_WARN_UNGUARDED_AVAILABILITY = YES_AGGRESSIVE;
				CLANG_WARN_UNREACHABLE_CODE = YES;
				CLANG_WARN__DUPLICATE_METHOD_MATCH = YES;
				CODE_SIGN_IDENTITY = "iPhone Developer";
				COPY_PHASE_STRIP = NO;
				DEBUG_INFORMATION_FORMAT = "dwarf-with-dsym";
				ENABLE_NS_ASSERTIONS = NO;
				ENABLE_STRICT_OBJC_MSGSEND = YES;
				GCC_C_LANGUAGE_STANDARD = gnu11;
				GCC_NO_COMMON_BLOCKS = YES;
				GCC_WARN_64_TO_32_BIT_CONVERSION = YES;
				GCC_WARN_ABOUT_RETURN_TYPE = YES_ERROR;
				GCC_WARN_UNDECLARED_SELECTOR = YES;
				GCC_WARN_UNINITIALIZED_AUTOS = YES_AGGRESSIVE;
				GCC_WARN_UNUSED_FUNCTION = YES;
				GCC_WARN_UNUSED_VARIABLE = YES;
				IPHONEOS_DEPLOYMENT_TARGET = 11.4;
				MTL_ENABLE_DEBUG_INFO = NO;
				SDKROOT = iphoneos;
				SWIFT_COMPILATION_MODE = wholemodule;
				SWIFT_OPTIMIZATION_LEVEL = "-O";
				VALIDATE_PRODUCT = YES;
			};
			name = Release;
		};
		19008EB720F38EAA00AADB15 /* Debug */ = {
			isa = XCBuildConfiguration;
			baseConfigurationReference = 3E20D9DD47D540EBCFBBA3CD /* Pods-Die Ewige Liste.debug.xcconfig */;
			buildSettings = {
				CODE_SIGN_STYLE = Automatic;
				INFOPLIST_FILE = "Die Ewige Liste/Info.plist";
				LD_RUNPATH_SEARCH_PATHS = (
					"$(inherited)",
					"@executable_path/Frameworks",
				);
				PRODUCT_BUNDLE_IDENTIFIER = "jmb.Die-Ewige-Liste";
				PRODUCT_NAME = "$(TARGET_NAME)";
				SWIFT_VERSION = 4.0;
				TARGETED_DEVICE_FAMILY = "1,2";
			};
			name = Debug;
		};
		19008EB820F38EAA00AADB15 /* Release */ = {
			isa = XCBuildConfiguration;
			baseConfigurationReference = 1CCEA02E3F79C8F381E11BB3 /* Pods-Die Ewige Liste.release.xcconfig */;
			buildSettings = {
				CODE_SIGN_STYLE = Automatic;
				INFOPLIST_FILE = "Die Ewige Liste/Info.plist";
				LD_RUNPATH_SEARCH_PATHS = (
					"$(inherited)",
					"@executable_path/Frameworks",
				);
				PRODUCT_BUNDLE_IDENTIFIER = "jmb.Die-Ewige-Liste";
				PRODUCT_NAME = "$(TARGET_NAME)";
				SWIFT_VERSION = 4.0;
				TARGETED_DEVICE_FAMILY = "1,2";
			};
			name = Release;
		};
		19008EBA20F38EAA00AADB15 /* Debug */ = {
			isa = XCBuildConfiguration;
			baseConfigurationReference = 17E66C9D478AFC7E70C8E4D3 /* Pods-Die Ewige ListeTests.debug.xcconfig */;
			buildSettings = {
				ALWAYS_EMBED_SWIFT_STANDARD_LIBRARIES = YES;
				BUNDLE_LOADER = "$(TEST_HOST)";
				CODE_SIGN_STYLE = Automatic;
				INFOPLIST_FILE = "Die Ewige ListeTests/Info.plist";
				LD_RUNPATH_SEARCH_PATHS = (
					"$(inherited)",
					"@executable_path/Frameworks",
					"@loader_path/Frameworks",
				);
				PRODUCT_BUNDLE_IDENTIFIER = "jmb.Die-Ewige-ListeTests";
				PRODUCT_NAME = "$(TARGET_NAME)";
				SWIFT_VERSION = 4.0;
				TARGETED_DEVICE_FAMILY = "1,2";
				TEST_HOST = "$(BUILT_PRODUCTS_DIR)/Die Ewige Liste.app/Die Ewige Liste";
			};
			name = Debug;
		};
		19008EBB20F38EAA00AADB15 /* Release */ = {
			isa = XCBuildConfiguration;
			baseConfigurationReference = F698E7D65560711AA338E3B9 /* Pods-Die Ewige ListeTests.release.xcconfig */;
			buildSettings = {
				ALWAYS_EMBED_SWIFT_STANDARD_LIBRARIES = YES;
				BUNDLE_LOADER = "$(TEST_HOST)";
				CODE_SIGN_STYLE = Automatic;
				INFOPLIST_FILE = "Die Ewige ListeTests/Info.plist";
				LD_RUNPATH_SEARCH_PATHS = (
					"$(inherited)",
					"@executable_path/Frameworks",
					"@loader_path/Frameworks",
				);
				PRODUCT_BUNDLE_IDENTIFIER = "jmb.Die-Ewige-ListeTests";
				PRODUCT_NAME = "$(TARGET_NAME)";
				SWIFT_VERSION = 4.0;
				TARGETED_DEVICE_FAMILY = "1,2";
				TEST_HOST = "$(BUILT_PRODUCTS_DIR)/Die Ewige Liste.app/Die Ewige Liste";
			};
			name = Release;
		};
		19008EBD20F38EAA00AADB15 /* Debug */ = {
			isa = XCBuildConfiguration;
			baseConfigurationReference = 8A6E2C78589F2A6AF5E0119D /* Pods-Die Ewige ListeUITests.debug.xcconfig */;
			buildSettings = {
				ALWAYS_EMBED_SWIFT_STANDARD_LIBRARIES = YES;
				CODE_SIGN_STYLE = Automatic;
				INFOPLIST_FILE = "Die Ewige ListeUITests/Info.plist";
				LD_RUNPATH_SEARCH_PATHS = (
					"$(inherited)",
					"@executable_path/Frameworks",
					"@loader_path/Frameworks",
				);
				PRODUCT_BUNDLE_IDENTIFIER = "jmb.Die-Ewige-ListeUITests";
				PRODUCT_NAME = "$(TARGET_NAME)";
				SWIFT_VERSION = 4.0;
				TARGETED_DEVICE_FAMILY = "1,2";
				TEST_TARGET_NAME = "Die Ewige Liste";
			};
			name = Debug;
		};
		19008EBE20F38EAA00AADB15 /* Release */ = {
			isa = XCBuildConfiguration;
			baseConfigurationReference = 6D593151A180158F2EF1E0AA /* Pods-Die Ewige ListeUITests.release.xcconfig */;
			buildSettings = {
				ALWAYS_EMBED_SWIFT_STANDARD_LIBRARIES = YES;
				CODE_SIGN_STYLE = Automatic;
				INFOPLIST_FILE = "Die Ewige ListeUITests/Info.plist";
				LD_RUNPATH_SEARCH_PATHS = (
					"$(inherited)",
					"@executable_path/Frameworks",
					"@loader_path/Frameworks",
				);
				PRODUCT_BUNDLE_IDENTIFIER = "jmb.Die-Ewige-ListeUITests";
				PRODUCT_NAME = "$(TARGET_NAME)";
				SWIFT_VERSION = 4.0;
				TARGETED_DEVICE_FAMILY = "1,2";
				TEST_TARGET_NAME = "Die Ewige Liste";
			};
			name = Release;
		};
/* End XCBuildConfiguration section */

/* Begin XCConfigurationList section */
		19008E8920F38E9800AADB15 /* Build configuration list for PBXProject "Die Ewige Liste" */ = {
			isa = XCConfigurationList;
			buildConfigurations = (
				19008EB420F38EAA00AADB15 /* Debug */,
				19008EB520F38EAA00AADB15 /* Release */,
			);
			defaultConfigurationIsVisible = 0;
			defaultConfigurationName = Release;
		};
		19008EB620F38EAA00AADB15 /* Build configuration list for PBXNativeTarget "Die Ewige Liste" */ = {
			isa = XCConfigurationList;
			buildConfigurations = (
				19008EB720F38EAA00AADB15 /* Debug */,
				19008EB820F38EAA00AADB15 /* Release */,
			);
			defaultConfigurationIsVisible = 0;
			defaultConfigurationName = Release;
		};
		19008EB920F38EAA00AADB15 /* Build configuration list for PBXNativeTarget "Die Ewige ListeTests" */ = {
			isa = XCConfigurationList;
			buildConfigurations = (
				19008EBA20F38EAA00AADB15 /* Debug */,
				19008EBB20F38EAA00AADB15 /* Release */,
			);
			defaultConfigurationIsVisible = 0;
			defaultConfigurationName = Release;
		};
		19008EBC20F38EAA00AADB15 /* Build configuration list for PBXNativeTarget "Die Ewige ListeUITests" */ = {
			isa = XCConfigurationList;
			buildConfigurations = (
				19008EBD20F38EAA00AADB15 /* Debug */,
				19008EBE20F38EAA00AADB15 /* Release */,
			);
			defaultConfigurationIsVisible = 0;
			defaultConfigurationName = Release;
		};
/* End XCConfigurationList section */
	};
	rootObject = 19008E8620F38E9800AADB15 /* Project object */;
}
